
Microsoft Visual Studio Solution File, Format Version 12.00
# Visual Studio Version 16
VisualStudioVersion = 16.0.29728.190
MinimumVisualStudioVersion = 10.0.40219.1
Project("{FAE04EC0-301F-11D3-BF4B-00C04F79EFBC}") = "Mer Multimedia Player", "MerMultimedaPlayer\Mer Multimedia Player.csproj", "{318760AD-4009-4EFB-B79D-2544A5611F25}"
EndProject
Global
	GlobalSection(SolutionConfigurationPlatforms) = preSolution
		Debug|Any CPU = Debug|Any CPU
		Release|Any CPU = Release|Any CPU
	EndGlobalSection
	GlobalSection(ProjectConfigurationPlatforms) = postSolution
		{318760AD-4009-4EFB-B79D-2544A5611F25}.Debug|Any CPU.ActiveCfg = Debug|Any CPU
		{318760AD-4009-4EFB-B79D-2544A5611F25}.Debug|Any CPU.Build.0 = Debug|Any CPU
		{318760AD-4009-4EFB-B79D-2544A5611F25}.Release|Any CPU.ActiveCfg = Release|Any CPU
		{318760AD-4009-4EFB-B79D-2544A5611F25}.Release|Any CPU.Build.0 = Release|Any CPU
	EndGlobalSection
	GlobalSection(SolutionProperties) = preSolution
		HideSolutionNode = FALSE
	EndGlobalSection
	GlobalSection(ExtensibilityGlobals) = postSolution
		SolutionGuid = {3F1C39C5-BE34-46D0-833A-3C252E74C437}
	EndGlobalSection
EndGlobal
